
Microsoft Visual Studio Solution File, Format Version 12.00
# Visual Studio 14
VisualStudioVersion = 14.0.25420.1
MinimumVisualStudioVersion = 10.0.40219.1
Project("{FAE04EC0-301F-11D3-BF4B-00C04F79EFBC}") = "CSharp1", "CSharp1\CSharp1.csproj", "{3286196C-744F-4FD4-8354-0D7D2B077D03}"
EndProject
Project("{FAE04EC0-301F-11D3-BF4B-00C04F79EFBC}") = "CSharp2", "CSharp2\CSharp2.csproj", "{62DB6313-BCE9-4200-804D-C64C799A0194}"
EndProject
Project("{FAE04EC0-301F-11D3-BF4B-00C04F79EFBC}") = "CSharp3", "CSharp3\CSharp3.csproj", "{AFE3E661-D96E-4F83-A0D7-BB6B0FAC6B99}"
	ProjectSection(ProjectDependencies) = postProject
		{4FE79FAD-1203-46C1-801B-39404A9C3F04} = {4FE79FAD-1203-46C1-801B-39404A9C3F04}
	EndProjectSection
EndProject
Project("{FAE04EC0-301F-11D3-BF4B-00C04F79EFBC}") = "CSharp4", "CSharp4\CSharp4.csproj", "{4FE79FAD-1203-46C1-801B-39404A9C3F04}"
EndProject
Project("{FAE04EC0-301F-11D3-BF4B-00C04F79EFBC}") = "CSharp5", "CSharp5\CSharp5.csproj", "{026CC1C5-0041-4D25-9086-E8EE5235841B}"
EndProject
Global
	GlobalSection(SolutionConfigurationPlatforms) = preSolution
		Debug|Any CPU = Debug|Any CPU
		Release|Any CPU = Release|Any CPU
	EndGlobalSection
	GlobalSection(ProjectConfigurationPlatforms) = postSolution
		{3286196C-744F-4FD4-8354-0D7D2B077D03}.Debug|Any CPU.ActiveCfg = Debug|Any CPU
		{3286196C-744F-4FD4-8354-0D7D2B077D03}.Debug|Any CPU.Build.0 = Debug|Any CPU
		{3286196C-744F-4FD4-8354-0D7D2B077D03}.Release|Any CPU.ActiveCfg = Release|Any CPU
		{3286196C-744F-4FD4-8354-0D7D2B077D03}.Release|Any CPU.Build.0 = Release|Any CPU
		{62DB6313-BCE9-4200-804D-C64C799A0194}.Debug|Any CPU.ActiveCfg = Debug|Any CPU
		{62DB6313-BCE9-4200-804D-C64C799A0194}.Debug|Any CPU.Build.0 = Debug|Any CPU
		{62DB6313-BCE9-4200-804D-C64C799A0194}.Release|Any CPU.ActiveCfg = Release|Any CPU
		{62DB6313-BCE9-4200-804D-C64C799A0194}.Release|Any CPU.Build.0 = Release|Any CPU
		{AFE3E661-D96E-4F83-A0D7-BB6B0FAC6B99}.Debug|Any CPU.ActiveCfg = Debug|Any CPU
		{AFE3E661-D96E-4F83-A0D7-BB6B0FAC6B99}.Debug|Any CPU.Build.0 = Debug|Any CPU
		{AFE3E661-D96E-4F83-A0D7-BB6B0FAC6B99}.Release|Any CPU.ActiveCfg = Release|Any CPU
		{AFE3E661-D96E-4F83-A0D7-BB6B0FAC6B99}.Release|Any CPU.Build.0 = Release|Any CPU
		{4FE79FAD-1203-46C1-801B-39404A9C3F04}.Debug|Any CPU.ActiveCfg = Debug|Any CPU
		{4FE79FAD-1203-46C1-801B-39404A9C3F04}.Debug|Any CPU.Build.0 = Debug|Any CPU
		{4FE79FAD-1203-46C1-801B-39404A9C3F04}.Release|Any CPU.ActiveCfg = Release|Any CPU
		{4FE79FAD-1203-46C1-801B-39404A9C3F04}.Release|Any CPU.Build.0 = Release|Any CPU
		{026CC1C5-0041-4D25-9086-E8EE5235841B}.Debug|Any CPU.ActiveCfg = Debug|Any CPU
		{026CC1C5-0041-4D25-9086-E8EE5235841B}.Debug|Any CPU.Build.0 = Debug|Any CPU
		{026CC1C5-0041-4D25-9086-E8EE5235841B}.Release|Any CPU.ActiveCfg = Release|Any CPU
		{026CC1C5-0041-4D25-9086-E8EE5235841B}.Release|Any CPU.Build.0 = Release|Any CPU
	EndGlobalSection
	GlobalSection(SolutionProperties) = preSolution
		HideSolutionNode = FALSE
	EndGlobalSection
EndGlobal
